
Microsoft Visual Studio Solution File, Format Version 12.00
# Visual Studio Version 17
VisualStudioVersion = 17.1.32228.430
MinimumVisualStudioVersion = 10.0.40219.1
Project("{9A19103F-16F7-4668-BE54-9A1E7A4F7556}") = "BraidsAccounting", "BraidsAccounting\BraidsAccounting.csproj", "{B0C32F18-A7DF-4DC0-ADF8-B0856D0855E2}"
EndProject
Project("{9A19103F-16F7-4668-BE54-9A1E7A4F7556}") = "BraidsAccounting.DAL", "BraidsAccounting.DAL\BraidsAccounting.DAL.csproj", "{65814E2C-EEF4-4183-BB5E-81F4BAD5A15F}"
EndProject
Project("{9A19103F-16F7-4668-BE54-9A1E7A4F7556}") = "BraidsAccounting.Interfaces", "BraidsAccounting.Interfaces\BraidsAccounting.Interfaces.csproj", "{6201ACFB-BEC5-4E58-9EA4-1BB311ECB276}"
EndProject
Global
	GlobalSection(SolutionConfigurationPlatforms) = preSolution
		Debug|Any CPU = Debug|Any CPU
		Release|Any CPU = Release|Any CPU
	EndGlobalSection
	GlobalSection(ProjectConfigurationPlatforms) = postSolution
		{B0C32F18-A7DF-4DC0-ADF8-B0856D0855E2}.Debug|Any CPU.ActiveCfg = Debug|Any CPU
		{B0C32F18-A7DF-4DC0-ADF8-B0856D0855E2}.Debug|Any CPU.Build.0 = Debug|Any CPU
		{B0C32F18-A7DF-4DC0-ADF8-B0856D0855E2}.Release|Any CPU.ActiveCfg = Release|Any CPU
		{B0C32F18-A7DF-4DC0-ADF8-B0856D0855E2}.Release|Any CPU.Build.0 = Release|Any CPU
		{65814E2C-EEF4-4183-BB5E-81F4BAD5A15F}.Debug|Any CPU.ActiveCfg = Debug|Any CPU
		{65814E2C-EEF4-4183-BB5E-81F4BAD5A15F}.Debug|Any CPU.Build.0 = Debug|Any CPU
		{65814E2C-EEF4-4183-BB5E-81F4BAD5A15F}.Release|Any CPU.ActiveCfg = Release|Any CPU
		{65814E2C-EEF4-4183-BB5E-81F4BAD5A15F}.Release|Any CPU.Build.0 = Release|Any CPU
		{6201ACFB-BEC5-4E58-9EA4-1BB311ECB276}.Debug|Any CPU.ActiveCfg = Debug|Any CPU
		{6201ACFB-BEC5-4E58-9EA4-1BB311ECB276}.Debug|Any CPU.Build.0 = Debug|Any CPU
		{6201ACFB-BEC5-4E58-9EA4-1BB311ECB276}.Release|Any CPU.ActiveCfg = Release|Any CPU
		{6201ACFB-BEC5-4E58-9EA4-1BB311ECB276}.Release|Any CPU.Build.0 = Release|Any CPU
	EndGlobalSection
	GlobalSection(SolutionProperties) = preSolution
		HideSolutionNode = FALSE
	EndGlobalSection
	GlobalSection(ExtensibilityGlobals) = postSolution
		SolutionGuid = {CFC05A3F-8005-40C0-8369-43DE210D67B0}
	EndGlobalSection
EndGlobal
